
Microsoft Visual Studio Solution File, Format Version 12.00
# Visual Studio 15
VisualStudioVersion = 15.0.26730.16
MinimumVisualStudioVersion = 10.0.40219.1
Project("{FAE04EC0-301F-11D3-BF4B-00C04F79EFBC}") = "Practice", "Practice\Practice.csproj", "{4E3ECA2C-BFA9-4F81-99D8-4A2EEA2AF9E4}"
EndProject
Project("{FAE04EC0-301F-11D3-BF4B-00C04F79EFBC}") = "AMData", "AMData\AMData.csproj", "{9E1B75C4-87B3-481D-BF97-1D1187A48BCD}"
EndProject
Project("{FAE04EC0-301F-11D3-BF4B-00C04F79EFBC}") = "HPGCommon", "HPGCommon\HPGCommon.csproj", "{888DE60B-626D-47F1-8FCC-E266548D876C}"
EndProject
Global
	GlobalSection(SolutionConfigurationPlatforms) = preSolution
		Debug|Any CPU = Debug|Any CPU
		Release|Any CPU = Release|Any CPU
	EndGlobalSection
	GlobalSection(ProjectConfigurationPlatforms) = postSolution
		{4E3ECA2C-BFA9-4F81-99D8-4A2EEA2AF9E4}.Debug|Any CPU.ActiveCfg = Debug|Any CPU
		{4E3ECA2C-BFA9-4F81-99D8-4A2EEA2AF9E4}.Debug|Any CPU.Build.0 = Debug|Any CPU
		{4E3ECA2C-BFA9-4F81-99D8-4A2EEA2AF9E4}.Release|Any CPU.ActiveCfg = Release|Any CPU
		{4E3ECA2C-BFA9-4F81-99D8-4A2EEA2AF9E4}.Release|Any CPU.Build.0 = Release|Any CPU
		{9E1B75C4-87B3-481D-BF97-1D1187A48BCD}.Debug|Any CPU.ActiveCfg = Debug|Any CPU
		{9E1B75C4-87B3-481D-BF97-1D1187A48BCD}.Debug|Any CPU.Build.0 = Debug|Any CPU
		{9E1B75C4-87B3-481D-BF97-1D1187A48BCD}.Release|Any CPU.ActiveCfg = Release|Any CPU
		{9E1B75C4-87B3-481D-BF97-1D1187A48BCD}.Release|Any CPU.Build.0 = Release|Any CPU
		{888DE60B-626D-47F1-8FCC-E266548D876C}.Debug|Any CPU.ActiveCfg = Debug|Any CPU
		{888DE60B-626D-47F1-8FCC-E266548D876C}.Debug|Any CPU.Build.0 = Debug|Any CPU
		{888DE60B-626D-47F1-8FCC-E266548D876C}.Release|Any CPU.ActiveCfg = Release|Any CPU
		{888DE60B-626D-47F1-8FCC-E266548D876C}.Release|Any CPU.Build.0 = Release|Any CPU
	EndGlobalSection
	GlobalSection(SolutionProperties) = preSolution
		HideSolutionNode = FALSE
	EndGlobalSection
	GlobalSection(ExtensibilityGlobals) = postSolution
		SolutionGuid = {D3EBF5E6-9FD1-406A-9CA7-26205978A557}
	EndGlobalSection
EndGlobal
